memo = "b0fca8e322bcf41ce88ce720b58339282ab2fe3f2f983121cf9f282a147afc81"

[[projects]]
  name = "github.com/docker/docker"
  packages = ["pkg/homedir"]
  revision = "78d18021ecba00c00730dec9d56de6896f9e708d"
  version = "v1.12.6"

[[projects]]
  branch = "v2"
  name = "github.com/go-yaml/yaml"
  packages = ["."]
  revision = "cd8b52f8269e0feb286dfeef29f8fe4d5b397e0b"

[[projects]]
  branch = "master"
  name = "github.com/linyows/mflag"
  packages = ["."]
  revision = "c9971547c94d7f05e06f5a15ccb64841956562e2"

[[projects]]
  name = "github.com/opencontainers/runc"
  packages = ["libcontainer/user"]
  revision = "baf6536d6259209c3edfa2b22237af82942d3dfa"
  version = "v0.1.1"
